
Microsoft Visual Studio Solution File, Format Version 12.00
# Visual Studio Version 17
VisualStudioVersion = 17.4.33205.214
MinimumVisualStudioVersion = 10.0.40219.1
Project("{FAE04EC0-301F-11D3-BF4B-00C04F79EFBC}") = "29.12.2023", "29.12.2023\29.12.2023.csproj", "{C6CD2624-5E25-4161-BAC1-CC586717A0FE}"
EndProject
Global
	GlobalSection(SolutionConfigurationPlatforms) = preSolution
		Debug|Any CPU = Debug|Any CPU
		Release|Any CPU = Release|Any CPU
	EndGlobalSection
	GlobalSection(ProjectConfigurationPlatforms) = postSolution
		{C6CD2624-5E25-4161-BAC1-CC586717A0FE}.Debug|Any CPU.ActiveCfg = Debug|Any CPU
		{C6CD2624-5E25-4161-BAC1-CC586717A0FE}.Debug|Any CPU.Build.0 = Debug|Any CPU
		{C6CD2624-5E25-4161-BAC1-CC586717A0FE}.Release|Any CPU.ActiveCfg = Release|Any CPU
		{C6CD2624-5E25-4161-BAC1-CC586717A0FE}.Release|Any CPU.Build.0 = Release|Any CPU
	EndGlobalSection
	GlobalSection(SolutionProperties) = preSolution
		HideSolutionNode = FALSE
	EndGlobalSection
	GlobalSection(ExtensibilityGlobals) = postSolution
		SolutionGuid = {F15DA352-B919-4A67-BEDE-6B652F54D0AF}
	EndGlobalSection
EndGlobal
